
Microsoft Visual Studio Solution File, Format Version 12.00
# Visual Studio Version 17
VisualStudioVersion = 17.7.34031.279
MinimumVisualStudioVersion = 10.0.40219.1
Project("{FAE04EC0-301F-11D3-BF4B-00C04F79EFBC}") = "UT2Ejercicio1", "UT2Ejercicio1\UT2Ejercicio1.csproj", "{2FBFF259-1C89-425D-8853-2C673AFE343C}"
EndProject
Global
	GlobalSection(SolutionConfigurationPlatforms) = preSolution
		Debug|Any CPU = Debug|Any CPU
		Release|Any CPU = Release|Any CPU
	EndGlobalSection
	GlobalSection(ProjectConfigurationPlatforms) = postSolution
		{2FBFF259-1C89-425D-8853-2C673AFE343C}.Debug|Any CPU.ActiveCfg = Debug|Any CPU
		{2FBFF259-1C89-425D-8853-2C673AFE343C}.Debug|Any CPU.Build.0 = Debug|Any CPU
		{2FBFF259-1C89-425D-8853-2C673AFE343C}.Release|Any CPU.ActiveCfg = Release|Any CPU
		{2FBFF259-1C89-425D-8853-2C673AFE343C}.Release|Any CPU.Build.0 = Release|Any CPU
	EndGlobalSection
	GlobalSection(SolutionProperties) = preSolution
		HideSolutionNode = FALSE
	EndGlobalSection
	GlobalSection(ExtensibilityGlobals) = postSolution
		SolutionGuid = {2E77D1B8-4320-4A23-9E13-856246102288}
	EndGlobalSection
EndGlobal
